
Microsoft Visual Studio Solution File, Format Version 12.00
# Visual Studio Version 17
VisualStudioVersion = 17.0.31903.59
MinimumVisualStudioVersion = 10.0.40219.1
Project("{FAE04EC0-301F-11D3-BF4B-00C04F79EFBC}") = "SalvationDictionary.Api", "SalvationDictionary.Api\SalvationDictionary.Api.csproj", "{DE5630CA-3285-4EAB-B098-BC486F5A962F}"
EndProject
Global
	GlobalSection(SolutionConfigurationPlatforms) = preSolution
		Debug|Any CPU = Debug|Any CPU
		Release|Any CPU = Release|Any CPU
	EndGlobalSection
	GlobalSection(SolutionProperties) = preSolution
		HideSolutionNode = FALSE
	EndGlobalSection
	GlobalSection(ProjectConfigurationPlatforms) = postSolution
		{DE5630CA-3285-4EAB-B098-BC486F5A962F}.Debug|Any CPU.ActiveCfg = Debug|Any CPU
		{DE5630CA-3285-4EAB-B098-BC486F5A962F}.Debug|Any CPU.Build.0 = Debug|Any CPU
		{DE5630CA-3285-4EAB-B098-BC486F5A962F}.Release|Any CPU.ActiveCfg = Release|Any CPU
		{DE5630CA-3285-4EAB-B098-BC486F5A962F}.Release|Any CPU.Build.0 = Release|Any CPU
	EndGlobalSection
EndGlobal
